
Microsoft Visual Studio Solution File, Format Version 12.00
# Visual Studio Version 17
VisualStudioVersion = 17.8.34511.84
MinimumVisualStudioVersion = 10.0.40219.1
Project("{FAE04EC0-301F-11D3-BF4B-00C04F79EFBC}") = "Tool_Download_Image_Inspireuplift", "Tool_Download_Image_Inspireuplift\Tool_Download_Image_Inspireuplift.csproj", "{DB9781EA-9553-49A3-8EE5-D317CE90D6C9}"
EndProject
Global
	GlobalSection(SolutionConfigurationPlatforms) = preSolution
		Debug|Any CPU = Debug|Any CPU
		Release|Any CPU = Release|Any CPU
	EndGlobalSection
	GlobalSection(ProjectConfigurationPlatforms) = postSolution
		{DB9781EA-9553-49A3-8EE5-D317CE90D6C9}.Debug|Any CPU.ActiveCfg = Debug|Any CPU
		{DB9781EA-9553-49A3-8EE5-D317CE90D6C9}.Debug|Any CPU.Build.0 = Debug|Any CPU
		{DB9781EA-9553-49A3-8EE5-D317CE90D6C9}.Release|Any CPU.ActiveCfg = Release|Any CPU
		{DB9781EA-9553-49A3-8EE5-D317CE90D6C9}.Release|Any CPU.Build.0 = Release|Any CPU
	EndGlobalSection
	GlobalSection(SolutionProperties) = preSolution
		HideSolutionNode = FALSE
	EndGlobalSection
	GlobalSection(ExtensibilityGlobals) = postSolution
		SolutionGuid = {6AE9EEBA-6153-4A79-AA2C-3607FAC36CF1}
	EndGlobalSection
EndGlobal
